// !$*UTF8*$!
{
	archiveVersion = 1;
	classes = {
	};
	objectVersion = 56;
	objects = {

/* Begin PBXBuildFile section */
		010C894B1EB86C9ADBF947D5 /* Pods_Go_Get_It.framework in Frameworks */ = {isa = PBXBuildFile; fileRef = 1D5AA176D1624CD1D527ED66 /* Pods_Go_Get_It.framework */; };
		7E15DE4B2A3D252900CBA1B6 /* CreateReminderViewController.swift in Sources */ = {isa = PBXBuildFile; fileRef = 7E15DE4A2A3D252900CBA1B6 /* CreateReminderViewController.swift */; };
		7E15DE4D2A3D259200CBA1B6 /* CustomSwitchView.swift in Sources */ = {isa = PBXBuildFile; fileRef = 7E15DE4C2A3D259200CBA1B6 /* CustomSwitchView.swift */; };
		7E15DE4F2A3D3FF700CBA1B6 /* AddProgramsToActivityViewController.swift in Sources */ = {isa = PBXBuildFile; fileRef = 7E15DE4E2A3D3FF700CBA1B6 /* AddProgramsToActivityViewController.swift */; };
		7E2063642A56CC74007FBCB0 /* TableView+Extensions.swift in Sources */ = {isa = PBXBuildFile; fileRef = 7E2063632A56CC74007FBCB0 /* TableView+Extensions.swift */; };
		7E2063682A56CCFB007FBCB0 /* CustomTableViewHeaderFooter.swift in Sources */ = {isa = PBXBuildFile; fileRef = 7E2063672A56CCFB007FBCB0 /* CustomTableViewHeaderFooter.swift */; };
		7E20636C2A572B0A007FBCB0 /* CustomCollectionViewCell.swift in Sources */ = {isa = PBXBuildFile; fileRef = 7E20636A2A572B0A007FBCB0 /* CustomCollectionViewCell.swift */; };
		7E20636D2A572B0A007FBCB0 /* CustomCollectionViewCell.xib in Resources */ = {isa = PBXBuildFile; fileRef = 7E20636B2A572B0A007FBCB0 /* CustomCollectionViewCell.xib */; };
		7E2063792A57AF5A007FBCB0 /* CustomHeaderCollectionReusableView.swift in Sources */ = {isa = PBXBuildFile; fileRef = 7E2063772A57AF5A007FBCB0 /* CustomHeaderCollectionReusableView.swift */; };
		7E20637A2A57AF5A007FBCB0 /* CustomHeaderCollectionReusableView.xib in Resources */ = {isa = PBXBuildFile; fileRef = 7E2063782A57AF5A007FBCB0 /* CustomHeaderCollectionReusableView.xib */; };
		7E219EAA2A58CADA008D2396 /* NutritionViewController.swift in Sources */ = {isa = PBXBuildFile; fileRef = 7E219EA92A58CADA008D2396 /* NutritionViewController.swift */; };
		7E219EAD2A58E5D9008D2396 /* ExploreTableViewCell.swift in Sources */ = {isa = PBXBuildFile; fileRef = 7E219EAC2A58E5D9008D2396 /* ExploreTableViewCell.swift */; };
		7E219EB02A58EA9A008D2396 /* ExploreRepository.swift in Sources */ = {isa = PBXBuildFile; fileRef = 7E219EAF2A58EA9A008D2396 /* ExploreRepository.swift */; };
		7E219EB22A58EAAE008D2396 /* ExploreRepositoryImpl.swift in Sources */ = {isa = PBXBuildFile; fileRef = 7E219EB12A58EAAE008D2396 /* ExploreRepositoryImpl.swift */; };
		7E219EB52A58EAE0008D2396 /* ExploreListDataModel.swift in Sources */ = {isa = PBXBuildFile; fileRef = 7E219EB42A58EAE0008D2396 /* ExploreListDataModel.swift */; };
		7E219EB72A59007E008D2396 /* ExercisesListViewController.swift in Sources */ = {isa = PBXBuildFile; fileRef = 7E219EB62A59007E008D2396 /* ExercisesListViewController.swift */; };
		7E219EBA2A59A18D008D2396 /* APIConstants.swift in Sources */ = {isa = PBXBuildFile; fileRef = 7E219EB92A59A18D008D2396 /* APIConstants.swift */; };
		7E219EBD2A59A2BA008D2396 /* APIClient.swift in Sources */ = {isa = PBXBuildFile; fileRef = 7E219EBC2A59A2BA008D2396 /* APIClient.swift */; };
		7E219EBF2A59A2CA008D2396 /* APIClientImpl.swift in Sources */ = {isa = PBXBuildFile; fileRef = 7E219EBE2A59A2CA008D2396 /* APIClientImpl.swift */; };
		7E219EC32A59AE53008D2396 /* ExploreAPI.swift in Sources */ = {isa = PBXBuildFile; fileRef = 7E219EC22A59AE53008D2396 /* ExploreAPI.swift */; };
		7E219EC82A59B79B008D2396 /* ExercisesBodyPartListResponse.swift in Sources */ = {isa = PBXBuildFile; fileRef = 7E219EC72A59B79B008D2396 /* ExercisesBodyPartListResponse.swift */; };
		7E219ECA2A59B96B008D2396 /* ExerciseForBodyPartResponse.swift in Sources */ = {isa = PBXBuildFile; fileRef = 7E219EC92A59B96B008D2396 /* ExerciseForBodyPartResponse.swift */; };
		7E219ECC2A59DE8F008D2396 /* ExercisesForBodyPartViewController.swift in Sources */ = {isa = PBXBuildFile; fileRef = 7E219ECB2A59DE8F008D2396 /* ExercisesForBodyPartViewController.swift */; };
		7E219ED22A59F77A008D2396 /* UIImage+Gif.swift in Sources */ = {isa = PBXBuildFile; fileRef = 7E219ED12A59F77A008D2396 /* UIImage+Gif.swift */; };
		7E219ED52A5A368F008D2396 /* DataController.swift in Sources */ = {isa = PBXBuildFile; fileRef = 7E219ED42A5A368F008D2396 /* DataController.swift */; };
		7E219ED72A5A4281008D2396 /* ActivityMO+Extensions.swift in Sources */ = {isa = PBXBuildFile; fileRef = 7E219ED62A5A4281008D2396 /* ActivityMO+Extensions.swift */; };
		7E219ED92A5A4304008D2396 /* ProgramMO+Extensions.swift in Sources */ = {isa = PBXBuildFile; fileRef = 7E219ED82A5A4304008D2396 /* ProgramMO+Extensions.swift */; };
		7E219EDB2A5A4329008D2396 /* ReminderMO+Extensions.swift in Sources */ = {isa = PBXBuildFile; fileRef = 7E219EDA2A5A4329008D2396 /* ReminderMO+Extensions.swift */; };
		7E219EDD2A5A450D008D2396 /* ActivityAPI.swift in Sources */ = {isa = PBXBuildFile; fileRef = 7E219EDC2A5A450D008D2396 /* ActivityAPI.swift */; };
		7E567BFB2A54AD8D00A67D8B /* ActivityType.swift in Sources */ = {isa = PBXBuildFile; fileRef = 7E567BFA2A54AD8D00A67D8B /* ActivityType.swift */; };
		7E567BFD2A54ADA200A67D8B /* ActivityModel.swift in Sources */ = {isa = PBXBuildFile; fileRef = 7E567BFC2A54ADA200A67D8B /* ActivityModel.swift */; };
		7E567C032A54B4A400A67D8B /* ActivityRepository.swift in Sources */ = {isa = PBXBuildFile; fileRef = 7E567C022A54B4A400A67D8B /* ActivityRepository.swift */; };
		7E567C052A54B97B00A67D8B /* ActivityRepositoryImpl.swift in Sources */ = {isa = PBXBuildFile; fileRef = 7E567C042A54B97B00A67D8B /* ActivityRepositoryImpl.swift */; };
		7E567C092A54D75600A67D8B /* GoGetIt.xcdatamodeld in Sources */ = {isa = PBXBuildFile; fileRef = 7E567C072A54D75600A67D8B /* GoGetIt.xcdatamodeld */; };
		7E5A69C22A3AB81E00381A17 /* CircleView.swift in Sources */ = {isa = PBXBuildFile; fileRef = 7E5A69C12A3AB81E00381A17 /* CircleView.swift */; };
		7E5A69C62A3B960000381A17 /* RemindersTableViewCell.swift in Sources */ = {isa = PBXBuildFile; fileRef = 7E5A69C52A3B960000381A17 /* RemindersTableViewCell.swift */; };
		7E5A69CB2A3BFA9F00381A17 /* CreateActivityViewController.swift in Sources */ = {isa = PBXBuildFile; fileRef = 7E5A69CA2A3BFA9F00381A17 /* CreateActivityViewController.swift */; };
		7E5A69CE2A3BFB3700381A17 /* ExploreViewController.swift in Sources */ = {isa = PBXBuildFile; fileRef = 7E5A69CD2A3BFB3700381A17 /* ExploreViewController.swift */; };
		7E5A69D12A3BFB7F00381A17 /* WorkoutsViewController.swift in Sources */ = {isa = PBXBuildFile; fileRef = 7E5A69D02A3BFB7F00381A17 /* WorkoutsViewController.swift */; };
		7E5BB70F2A3E1BD90038D787 /* CreateProgramsViewController.swift in Sources */ = {isa = PBXBuildFile; fileRef = 7E5BB70E2A3E1BD90038D787 /* CreateProgramsViewController.swift */; };
		7E70542B2A387E4B0074D13A /* Colors.xcassets in Resources */ = {isa = PBXBuildFile; fileRef = 7E70542A2A387E4B0074D13A /* Colors.xcassets */; };
		7E70542F2A3899B60074D13A /* OnboardingPageViewController.swift in Sources */ = {isa = PBXBuildFile; fileRef = 7E70542E2A3899B60074D13A /* OnboardingPageViewController.swift */; };
		7E7054352A38B8630074D13A /* OnboardingData.swift in Sources */ = {isa = PBXBuildFile; fileRef = 7E7054342A38B8630074D13A /* OnboardingData.swift */; };
		7E7054382A38BA320074D13A /* Colors.swift in Sources */ = {isa = PBXBuildFile; fileRef = 7E7054372A38BA320074D13A /* Colors.swift */; };
		7E70543A2A38BC080074D13A /* Images.swift in Sources */ = {isa = PBXBuildFile; fileRef = 7E7054392A38BC080074D13A /* Images.swift */; };
		7E70543C2A38C16A0074D13A /* OnboardingInfoList.swift in Sources */ = {isa = PBXBuildFile; fileRef = 7E70543B2A38C16A0074D13A /* OnboardingInfoList.swift */; };
		7E7E38DA2A5C10C500274C19 /* RemindersAPI.swift in Sources */ = {isa = PBXBuildFile; fileRef = 7E7E38D92A5C10C500274C19 /* RemindersAPI.swift */; };
		7E8652462A3424BE00E6CD03 /* AppDelegate.swift in Sources */ = {isa = PBXBuildFile; fileRef = 7E8652452A3424BE00E6CD03 /* AppDelegate.swift */; };
		7E8652482A3424BE00E6CD03 /* SceneDelegate.swift in Sources */ = {isa = PBXBuildFile; fileRef = 7E8652472A3424BE00E6CD03 /* SceneDelegate.swift */; };
		7E86524A2A3424BE00E6CD03 /* OnboardingViewController.swift in Sources */ = {isa = PBXBuildFile; fileRef = 7E8652492A3424BE00E6CD03 /* OnboardingViewController.swift */; };
		7E86524D2A3424BE00E6CD03 /* Main.storyboard in Resources */ = {isa = PBXBuildFile; fileRef = 7E86524B2A3424BE00E6CD03 /* Main.storyboard */; };
		7E86524F2A3424BF00E6CD03 /* Assets.xcassets in Resources */ = {isa = PBXBuildFile; fileRef = 7E86524E2A3424BF00E6CD03 /* Assets.xcassets */; };
		7E8652522A3424BF00E6CD03 /* LaunchScreen.storyboard in Resources */ = {isa = PBXBuildFile; fileRef = 7E8652502A3424BF00E6CD03 /* LaunchScreen.storyboard */; };
		7E8F9C292A55B2E500077A80 /* RemindersRepository.swift in Sources */ = {isa = PBXBuildFile; fileRef = 7E8F9C282A55B2E500077A80 /* RemindersRepository.swift */; };
		7E8F9C2B2A55B2F400077A80 /* RemindersRepositoryImpl.swift in Sources */ = {isa = PBXBuildFile; fileRef = 7E8F9C2A2A55B2F400077A80 /* RemindersRepositoryImpl.swift */; };
		7E8F9C2E2A56148900077A80 /* ActivityTableViewCell.swift in Sources */ = {isa = PBXBuildFile; fileRef = 7E8F9C2C2A56148900077A80 /* ActivityTableViewCell.swift */; };
		7E8F9C2F2A56148900077A80 /* ActivityTableViewCell.xib in Resources */ = {isa = PBXBuildFile; fileRef = 7E8F9C2D2A56148900077A80 /* ActivityTableViewCell.xib */; };
		7E8F9C332A56238200077A80 /* RepositoryProvider.swift in Sources */ = {isa = PBXBuildFile; fileRef = 7E8F9C322A56238200077A80 /* RepositoryProvider.swift */; };
		7E948B042A5B535B0042E46F /* ListDataSource.swift in Sources */ = {isa = PBXBuildFile; fileRef = 7E948B032A5B535B0042E46F /* ListDataSource.swift */; };
		7E948B062A5B54A90042E46F /* AuthAPI.swift in Sources */ = {isa = PBXBuildFile; fileRef = 7E948B052A5B54A90042E46F /* AuthAPI.swift */; };
		7E95AD9B2A4108080044390F /* GoogleSignIn in Frameworks */ = {isa = PBXBuildFile; productRef = 7E95AD9A2A4108080044390F /* GoogleSignIn */; };
		7E95ADA12A41119A0044390F /* AuthenticationRepositoryImpl.swift in Sources */ = {isa = PBXBuildFile; fileRef = 7E95ADA02A41119A0044390F /* AuthenticationRepositoryImpl.swift */; };
		7E95ADA42A4112C50044390F /* AuthenticationRepository.swift in Sources */ = {isa = PBXBuildFile; fileRef = 7E95ADA32A4112C50044390F /* AuthenticationRepository.swift */; };
		7E98DD9F2A3AA0E90080E33A /* MainTabViewController.swift in Sources */ = {isa = PBXBuildFile; fileRef = 7E98DD9E2A3AA0E90080E33A /* MainTabViewController.swift */; };
		7EA8D0772A38E93E00C9C1B6 /* LoginViewController.swift in Sources */ = {isa = PBXBuildFile; fileRef = 7EA8D0762A38E93E00C9C1B6 /* LoginViewController.swift */; };
		7EA8D0792A38EEFF00C9C1B6 /* GoogleService-Info.plist in Resources */ = {isa = PBXBuildFile; fileRef = 7EA8D0782A38EEFF00C9C1B6 /* GoogleService-Info.plist */; };
		7EA8D07C2A38F1DD00C9C1B6 /* FirebaseAnalytics in Frameworks */ = {isa = PBXBuildFile; productRef = 7EA8D07B2A38F1DD00C9C1B6 /* FirebaseAnalytics */; };
		7EA8D07E2A38F1DD00C9C1B6 /* FirebaseAuth in Frameworks */ = {isa = PBXBuildFile; productRef = 7EA8D07D2A38F1DD00C9C1B6 /* FirebaseAuth */; };
		7EA8D0802A38F1DD00C9C1B6 /* FirebaseCrashlytics in Frameworks */ = {isa = PBXBuildFile; productRef = 7EA8D07F2A38F1DD00C9C1B6 /* FirebaseCrashlytics */; };
		7EA8D0822A38F1DD00C9C1B6 /* FirebaseFirestore in Frameworks */ = {isa = PBXBuildFile; productRef = 7EA8D0812A38F1DD00C9C1B6 /* FirebaseFirestore */; };
		7EA8D0842A38F1DD00C9C1B6 /* FirebasePerformance in Frameworks */ = {isa = PBXBuildFile; productRef = 7EA8D0832A38F1DD00C9C1B6 /* FirebasePerformance */; };
		7EA8D0862A38F1DD00C9C1B6 /* FirebaseRemoteConfig in Frameworks */ = {isa = PBXBuildFile; productRef = 7EA8D0852A38F1DD00C9C1B6 /* FirebaseRemoteConfig */; };
		7EA8D0882A38F1DD00C9C1B6 /* FirebaseStorage in Frameworks */ = {isa = PBXBuildFile; productRef = 7EA8D0872A38F1DD00C9C1B6 /* FirebaseStorage */; };
		7EA8D08B2A390ABC00C9C1B6 /* HomeViewController.swift in Sources */ = {isa = PBXBuildFile; fileRef = 7EA8D08A2A390ABC00C9C1B6 /* HomeViewController.swift */; };
		7EBDD30E2A4E429B006268AF /* WorkoutProgressViewController.swift in Sources */ = {isa = PBXBuildFile; fileRef = 7EBDD30D2A4E429B006268AF /* WorkoutProgressViewController.swift */; };
		7EBEFEE32A5C09D500473ED2 /* Environment.swift in Sources */ = {isa = PBXBuildFile; fileRef = 7EBEFEE22A5C09D500473ED2 /* Environment.swift */; };
		7ED191C02A524C3E0010B8B6 /* CircularProgressBar.swift in Sources */ = {isa = PBXBuildFile; fileRef = 7ED191BF2A524C3E0010B8B6 /* CircularProgressBar.swift */; };
		7EE16E602A5C1E2600A86BE4 /* AuthUserData.swift in Sources */ = {isa = PBXBuildFile; fileRef = 7EE16E5F2A5C1E2600A86BE4 /* AuthUserData.swift */; };
		7EE16E622A5C1FBC00A86BE4 /* LocalStorageKeys.swift in Sources */ = {isa = PBXBuildFile; fileRef = 7EE16E612A5C1FBC00A86BE4 /* LocalStorageKeys.swift */; };
		7EE16E652A5C21C400A86BE4 /* UserRepository.swift in Sources */ = {isa = PBXBuildFile; fileRef = 7EE16E642A5C21C400A86BE4 /* UserRepository.swift */; };
		7EE16E672A5C21D200A86BE4 /* UserRepositoryImpl.swift in Sources */ = {isa = PBXBuildFile; fileRef = 7EE16E662A5C21D200A86BE4 /* UserRepositoryImpl.swift */; };
		7EE16E6C2A5C696000A86BE4 /* swiftlogo.png in Resources */ = {isa = PBXBuildFile; fileRef = 7EE16E6B2A5C695F00A86BE4 /* swiftlogo.png */; };
		7EE16E6F2A5C712300A86BE4 /* ExerciseVideoViewController.swift in Sources */ = {isa = PBXBuildFile; fileRef = 7EE16E6E2A5C712300A86BE4 /* ExerciseVideoViewController.swift */; };
		7EE16E722A5CA0FA00A86BE4 /* LoadingView.swift in Sources */ = {isa = PBXBuildFile; fileRef = 7EE16E712A5CA0FA00A86BE4 /* LoadingView.swift */; };
		7EE16E742A5CA10300A86BE4 /* LoadingView.xib in Resources */ = {isa = PBXBuildFile; fileRef = 7EE16E732A5CA10300A86BE4 /* LoadingView.xib */; };
		7EE16E772A5CBB6600A86BE4 /* screenshot1.png in Resources */ = {isa = PBXBuildFile; fileRef = 7EE16E752A5CBB6600A86BE4 /* screenshot1.png */; };
		7EE16E782A5CBB6600A86BE4 /* screenshot2.png in Resources */ = {isa = PBXBuildFile; fileRef = 7EE16E762A5CBB6600A86BE4 /* screenshot2.png */; };
		7EE4E74A2A37F16700B1AE5D /* UIViewControllerExtension.swift in Sources */ = {isa = PBXBuildFile; fileRef = 7EE4E7492A37F16700B1AE5D /* UIViewControllerExtension.swift */; };
		7EE4E74C2A37F19100B1AE5D /* UIViewExtension.swift in Sources */ = {isa = PBXBuildFile; fileRef = 7EE4E74B2A37F19100B1AE5D /* UIViewExtension.swift */; };
		7EF4ADD72A3803B90039C326 /* HeaderView.swift in Sources */ = {isa = PBXBuildFile; fileRef = 7EF4ADD62A3803B90039C326 /* HeaderView.swift */; };
/* End PBXBuildFile section */

/* Begin PBXFileReference section */
		10EB818B6CED708C54C8D45C /* Pods-Go Get It.release.xcconfig */ = {isa = PBXFileReference; includeInIndex = 1; lastKnownFileType = text.xcconfig; name = "Pods-Go Get It.release.xcconfig"; path = "Target Support Files/Pods-Go Get It/Pods-Go Get It.release.xcconfig"; sourceTree = "<group>"; };
		1D5AA176D1624CD1D527ED66 /* Pods_Go_Get_It.framework */ = {isa = PBXFileReference; explicitFileType = wrapper.framework; includeInIndex = 0; path = Pods_Go_Get_It.framework; sourceTree = BUILT_PRODUCTS_DIR; };
		6D9BA0CE377553C431684E2C /* Pods-gogogetit.release.xcconfig */ = {isa = PBXFileReference; includeInIndex = 1; lastKnownFileType = text.xcconfig; name = "Pods-gogogetit.release.xcconfig"; path = "Target Support Files/Pods-gogogetit/Pods-gogogetit.release.xcconfig"; sourceTree = "<group>"; };
		7D78BB17F81E1BEDF2DF258A /* Pods-gogogetit.debug.xcconfig */ = {isa = PBXFileReference; includeInIndex = 1; lastKnownFileType = text.xcconfig; name = "Pods-gogogetit.debug.xcconfig"; path = "Target Support Files/Pods-gogogetit/Pods-gogogetit.debug.xcconfig"; sourceTree = "<group>"; };
		7E15DE4A2A3D252900CBA1B6 /* CreateReminderViewController.swift */ = {isa = PBXFileReference; lastKnownFileType = sourcecode.swift; path = CreateReminderViewController.swift; sourceTree = "<group>"; };
		7E15DE4C2A3D259200CBA1B6 /* CustomSwitchView.swift */ = {isa = PBXFileReference; lastKnownFileType = sourcecode.swift; path = CustomSwitchView.swift; sourceTree = "<group>"; };
		7E15DE4E2A3D3FF700CBA1B6 /* AddProgramsToActivityViewController.swift */ = {isa = PBXFileReference; lastKnownFileType = sourcecode.swift; path = AddProgramsToActivityViewController.swift; sourceTree = "<group>"; };
		7E2063632A56CC74007FBCB0 /* TableView+Extensions.swift */ = {isa = PBXFileReference; lastKnownFileType = sourcecode.swift; path = "TableView+Extensions.swift"; sourceTree = "<group>"; };
		7E2063672A56CCFB007FBCB0 /* CustomTableViewHeaderFooter.swift */ = {isa = PBXFileReference; lastKnownFileType = sourcecode.swift; path = CustomTableViewHeaderFooter.swift; sourceTree = "<group>"; };
		7E20636A2A572B0A007FBCB0 /* CustomCollectionViewCell.swift */ = {isa = PBXFileReference; lastKnownFileType = sourcecode.swift; path = CustomCollectionViewCell.swift; sourceTree = "<group>"; };
		7E20636B2A572B0A007FBCB0 /* CustomCollectionViewCell.xib */ = {isa = PBXFileReference; lastKnownFileType = file.xib; path = CustomCollectionViewCell.xib; sourceTree = "<group>"; };
		7E2063772A57AF5A007FBCB0 /* CustomHeaderCollectionReusableView.swift */ = {isa = PBXFileReference; lastKnownFileType = sourcecode.swift; path = CustomHeaderCollectionReusableView.swift; sourceTree = "<group>"; };
		7E2063782A57AF5A007FBCB0 /* CustomHeaderCollectionReusableView.xib */ = {isa = PBXFileReference; lastKnownFileType = file.xib; path = CustomHeaderCollectionReusableView.xib; sourceTree = "<group>"; };
		7E219EA92A58CADA008D2396 /* NutritionViewController.swift */ = {isa = PBXFileReference; lastKnownFileType = sourcecode.swift; path = NutritionViewController.swift; sourceTree = "<group>"; };
		7E219EAC2A58E5D9008D2396 /* ExploreTableViewCell.swift */ = {isa = PBXFileReference; lastKnownFileType = sourcecode.swift; path = ExploreTableViewCell.swift; sourceTree = "<group>"; };
		7E219EAF2A58EA9A008D2396 /* ExploreRepository.swift */ = {isa = PBXFileReference; lastKnownFileType = sourcecode.swift; path = ExploreRepository.swift; sourceTree = "<group>"; };
		7E219EB12A58EAAE008D2396 /* ExploreRepositoryImpl.swift */ = {isa = PBXFileReference; lastKnownFileType = sourcecode.swift; path = ExploreRepositoryImpl.swift; sourceTree = "<group>"; };
		7E219EB42A58EAE0008D2396 /* ExploreListDataModel.swift */ = {isa = PBXFileReference; lastKnownFileType = sourcecode.swift; path = ExploreListDataModel.swift; sourceTree = "<group>"; };
		7E219EB62A59007E008D2396 /* ExercisesListViewController.swift */ = {isa = PBXFileReference; lastKnownFileType = sourcecode.swift; path = ExercisesListViewController.swift; sourceTree = "<group>"; };
		7E219EB92A59A18D008D2396 /* APIConstants.swift */ = {isa = PBXFileReference; lastKnownFileType = sourcecode.swift; path = APIConstants.swift; sourceTree = "<group>"; };
		7E219EBC2A59A2BA008D2396 /* APIClient.swift */ = {isa = PBXFileReference; lastKnownFileType = sourcecode.swift; path = APIClient.swift; sourceTree = "<group>"; };
		7E219EBE2A59A2CA008D2396 /* APIClientImpl.swift */ = {isa = PBXFileReference; lastKnownFileType = sourcecode.swift; path = APIClientImpl.swift; sourceTree = "<group>"; };
		7E219EC22A59AE53008D2396 /* ExploreAPI.swift */ = {isa = PBXFileReference; lastKnownFileType = sourcecode.swift; path = ExploreAPI.swift; sourceTree = "<group>"; };
		7E219EC72A59B79B008D2396 /* ExercisesBodyPartListResponse.swift */ = {isa = PBXFileReference; lastKnownFileType = sourcecode.swift; path = ExercisesBodyPartListResponse.swift; sourceTree = "<group>"; };
		7E219EC92A59B96B008D2396 /* ExerciseForBodyPartResponse.swift */ = {isa = PBXFileReference; lastKnownFileType = sourcecode.swift; path = ExerciseForBodyPartResponse.swift; sourceTree = "<group>"; };
		7E219ECB2A59DE8F008D2396 /* ExercisesForBodyPartViewController.swift */ = {isa = PBXFileReference; lastKnownFileType = sourcecode.swift; path = ExercisesForBodyPartViewController.swift; sourceTree = "<group>"; };
		7E219ED12A59F77A008D2396 /* UIImage+Gif.swift */ = {isa = PBXFileReference; fileEncoding = 4; lastKnownFileType = sourcecode.swift; path = "UIImage+Gif.swift"; sourceTree = "<group>"; };
		7E219ED42A5A368F008D2396 /* DataController.swift */ = {isa = PBXFileReference; lastKnownFileType = sourcecode.swift; path = DataController.swift; sourceTree = "<group>"; };
		7E219ED62A5A4281008D2396 /* ActivityMO+Extensions.swift */ = {isa = PBXFileReference; lastKnownFileType = sourcecode.swift; path = "ActivityMO+Extensions.swift"; sourceTree = "<group>"; };
		7E219ED82A5A4304008D2396 /* ProgramMO+Extensions.swift */ = {isa = PBXFileReference; lastKnownFileType = sourcecode.swift; path = "ProgramMO+Extensions.swift"; sourceTree = "<group>"; };
		7E219EDA2A5A4329008D2396 /* ReminderMO+Extensions.swift */ = {isa = PBXFileReference; lastKnownFileType = sourcecode.swift; path = "ReminderMO+Extensions.swift"; sourceTree = "<group>"; };
		7E219EDC2A5A450D008D2396 /* ActivityAPI.swift */ = {isa = PBXFileReference; lastKnownFileType = sourcecode.swift; path = ActivityAPI.swift; sourceTree = "<group>"; };
		7E567BFA2A54AD8D00A67D8B /* ActivityType.swift */ = {isa = PBXFileReference; lastKnownFileType = sourcecode.swift; path = ActivityType.swift; sourceTree = "<group>"; };
		7E567BFC2A54ADA200A67D8B /* ActivityModel.swift */ = {isa = PBXFileReference; lastKnownFileType = sourcecode.swift; path = ActivityModel.swift; sourceTree = "<group>"; };
		7E567C022A54B4A400A67D8B /* ActivityRepository.swift */ = {isa = PBXFileReference; lastKnownFileType = sourcecode.swift; path = ActivityRepository.swift; sourceTree = "<group>"; };
		7E567C042A54B97B00A67D8B /* ActivityRepositoryImpl.swift */ = {isa = PBXFileReference; lastKnownFileType = sourcecode.swift; path = ActivityRepositoryImpl.swift; sourceTree = "<group>"; };
		7E567C082A54D75600A67D8B /* GoGetIt.xcdatamodel */ = {isa = PBXFileReference; lastKnownFileType = wrapper.xcdatamodel; path = GoGetIt.xcdatamodel; sourceTree = "<group>"; };
		7E5A69C12A3AB81E00381A17 /* CircleView.swift */ = {isa = PBXFileReference; lastKnownFileType = sourcecode.swift; path = CircleView.swift; sourceTree = "<group>"; };
		7E5A69C52A3B960000381A17 /* RemindersTableViewCell.swift */ = {isa = PBXFileReference; lastKnownFileType = sourcecode.swift; path = RemindersTableViewCell.swift; sourceTree = "<group>"; };
		7E5A69CA2A3BFA9F00381A17 /* CreateActivityViewController.swift */ = {isa = PBXFileReference; lastKnownFileType = sourcecode.swift; path = CreateActivityViewController.swift; sourceTree = "<group>"; };
		7E5A69CD2A3BFB3700381A17 /* ExploreViewController.swift */ = {isa = PBXFileReference; lastKnownFileType = sourcecode.swift; path = ExploreViewController.swift; sourceTree = "<group>"; };
		7E5A69D02A3BFB7F00381A17 /* WorkoutsViewController.swift */ = {isa = PBXFileReference; lastKnownFileType = sourcecode.swift; path = WorkoutsViewController.swift; sourceTree = "<group>"; };
		7E5BB70E2A3E1BD90038D787 /* CreateProgramsViewController.swift */ = {isa = PBXFileReference; lastKnownFileType = sourcecode.swift; path = CreateProgramsViewController.swift; sourceTree = "<group>"; };
		7E70542A2A387E4B0074D13A /* Colors.xcassets */ = {isa = PBXFileReference; lastKnownFileType = folder.assetcatalog; path = Colors.xcassets; sourceTree = "<group>"; };
		7E70542E2A3899B60074D13A /* OnboardingPageViewController.swift */ = {isa = PBXFileReference; lastKnownFileType = sourcecode.swift; path = OnboardingPageViewController.swift; sourceTree = "<group>"; };
		7E7054342A38B8630074D13A /* OnboardingData.swift */ = {isa = PBXFileReference; lastKnownFileType = sourcecode.swift; path = OnboardingData.swift; sourceTree = "<group>"; };
		7E7054372A38BA320074D13A /* Colors.swift */ = {isa = PBXFileReference; lastKnownFileType = sourcecode.swift; path = Colors.swift; sourceTree = "<group>"; };
		7E7054392A38BC080074D13A /* Images.swift */ = {isa = PBXFileReference; lastKnownFileType = sourcecode.swift; path = Images.swift; sourceTree = "<group>"; };
		7E70543B2A38C16A0074D13A /* OnboardingInfoList.swift */ = {isa = PBXFileReference; lastKnownFileType = sourcecode.swift; path = OnboardingInfoList.swift; sourceTree = "<group>"; };
		7E7E38D92A5C10C500274C19 /* RemindersAPI.swift */ = {isa = PBXFileReference; lastKnownFileType = sourcecode.swift; path = RemindersAPI.swift; sourceTree = "<group>"; };
		7E8652422A3424BE00E6CD03 /* Go Get It.app */ = {isa = PBXFileReference; explicitFileType = wrapper.application; includeInIndex = 0; path = "Go Get It.app"; sourceTree = BUILT_PRODUCTS_DIR; };
		7E8652452A3424BE00E6CD03 /* AppDelegate.swift */ = {isa = PBXFileReference; lastKnownFileType = sourcecode.swift; path = AppDelegate.swift; sourceTree = "<group>"; };
		7E8652472A3424BE00E6CD03 /* SceneDelegate.swift */ = {isa = PBXFileReference; lastKnownFileType = sourcecode.swift; path = SceneDelegate.swift; sourceTree = "<group>"; };
		7E8652492A3424BE00E6CD03 /* OnboardingViewController.swift */ = {isa = PBXFileReference; lastKnownFileType = sourcecode.swift; path = OnboardingViewController.swift; sourceTree = "<group>"; };
		7E86524C2A3424BE00E6CD03 /* Base */ = {isa = PBXFileReference; lastKnownFileType = file.storyboard; name = Base; path = Base.lproj/Main.storyboard; sourceTree = "<group>"; };
		7E86524E2A3424BF00E6CD03 /* Assets.xcassets */ = {isa = PBXFileReference; lastKnownFileType = folder.assetcatalog; path = Assets.xcassets; sourceTree = "<group>"; };
		7E8652512A3424BF00E6CD03 /* Base */ = {isa = PBXFileReference; lastKnownFileType = file.storyboard; name = Base; path = Base.lproj/LaunchScreen.storyboard; sourceTree = "<group>"; };
		7E8652532A3424BF00E6CD03 /* Info.plist */ = {isa = PBXFileReference; lastKnownFileType = text.plist.xml; path = Info.plist; sourceTree = "<group>"; };
		7E8F9C282A55B2E500077A80 /* RemindersRepository.swift */ = {isa = PBXFileReference; lastKnownFileType = sourcecode.swift; path = RemindersRepository.swift; sourceTree = "<group>"; };
		7E8F9C2A2A55B2F400077A80 /* RemindersRepositoryImpl.swift */ = {isa = PBXFileReference; lastKnownFileType = sourcecode.swift; path = RemindersRepositoryImpl.swift; sourceTree = "<group>"; };
		7E8F9C2C2A56148900077A80 /* ActivityTableViewCell.swift */ = {isa = PBXFileReference; lastKnownFileType = sourcecode.swift; path = ActivityTableViewCell.swift; sourceTree = "<group>"; };
		7E8F9C2D2A56148900077A80 /* ActivityTableViewCell.xib */ = {isa = PBXFileReference; lastKnownFileType = file.xib; path = ActivityTableViewCell.xib; sourceTree = "<group>"; };
		7E8F9C322A56238200077A80 /* RepositoryProvider.swift */ = {isa = PBXFileReference; lastKnownFileType = sourcecode.swift; path = RepositoryProvider.swift; sourceTree = "<group>"; };
		7E948B032A5B535B0042E46F /* ListDataSource.swift */ = {isa = PBXFileReference; lastKnownFileType = sourcecode.swift; path = ListDataSource.swift; sourceTree = "<group>"; };
		7E948B052A5B54A90042E46F /* AuthAPI.swift */ = {isa = PBXFileReference; lastKnownFileType = sourcecode.swift; path = AuthAPI.swift; sourceTree = "<group>"; };
		7E95ADA02A41119A0044390F /* AuthenticationRepositoryImpl.swift */ = {isa = PBXFileReference; lastKnownFileType = sourcecode.swift; path = AuthenticationRepositoryImpl.swift; sourceTree = "<group>"; };
		7E95ADA32A4112C50044390F /* AuthenticationRepository.swift */ = {isa = PBXFileReference; lastKnownFileType = sourcecode.swift; path = AuthenticationRepository.swift; sourceTree = "<group>"; };
		7E98DD9E2A3AA0E90080E33A /* MainTabViewController.swift */ = {isa = PBXFileReference; lastKnownFileType = sourcecode.swift; path = MainTabViewController.swift; sourceTree = "<group>"; };
		7EA8D0762A38E93E00C9C1B6 /* LoginViewController.swift */ = {isa = PBXFileReference; lastKnownFileType = sourcecode.swift; path = LoginViewController.swift; sourceTree = "<group>"; };
		7EA8D0782A38EEFF00C9C1B6 /* GoogleService-Info.plist */ = {isa = PBXFileReference; fileEncoding = 4; lastKnownFileType = text.plist.xml; path = "GoogleService-Info.plist"; sourceTree = "<group>"; };
		7EA8D08A2A390ABC00C9C1B6 /* HomeViewController.swift */ = {isa = PBXFileReference; lastKnownFileType = sourcecode.swift; path = HomeViewController.swift; sourceTree = "<group>"; };
		7EBDD30D2A4E429B006268AF /* WorkoutProgressViewController.swift */ = {isa = PBXFileReference; lastKnownFileType = sourcecode.swift; path = WorkoutProgressViewController.swift; sourceTree = "<group>"; };
		7EBEFEE02A5C070B00473ED2 /* Config.xcconfig */ = {isa = PBXFileReference; lastKnownFileType = text.xcconfig; path = Config.xcconfig; sourceTree = "<group>"; };
		7EBEFEE22A5C09D500473ED2 /* Environment.swift */ = {isa = PBXFileReference; lastKnownFileType = sourcecode.swift; path = Environment.swift; sourceTree = "<group>"; };
		7ED191BF2A524C3E0010B8B6 /* CircularProgressBar.swift */ = {isa = PBXFileReference; lastKnownFileType = sourcecode.swift; path = CircularProgressBar.swift; sourceTree = "<group>"; };
		7EE16E5F2A5C1E2600A86BE4 /* AuthUserData.swift */ = {isa = PBXFileReference; lastKnownFileType = sourcecode.swift; path = AuthUserData.swift; sourceTree = "<group>"; };
		7EE16E612A5C1FBC00A86BE4 /* LocalStorageKeys.swift */ = {isa = PBXFileReference; lastKnownFileType = sourcecode.swift; path = LocalStorageKeys.swift; sourceTree = "<group>"; };
		7EE16E642A5C21C400A86BE4 /* UserRepository.swift */ = {isa = PBXFileReference; lastKnownFileType = sourcecode.swift; path = UserRepository.swift; sourceTree = "<group>"; };
		7EE16E662A5C21D200A86BE4 /* UserRepositoryImpl.swift */ = {isa = PBXFileReference; lastKnownFileType = sourcecode.swift; path = UserRepositoryImpl.swift; sourceTree = "<group>"; };
		7EE16E6B2A5C695F00A86BE4 /* swiftlogo.png */ = {isa = PBXFileReference; lastKnownFileType = image.png; path = swiftlogo.png; sourceTree = "<group>"; };
		7EE16E6E2A5C712300A86BE4 /* ExerciseVideoViewController.swift */ = {isa = PBXFileReference; lastKnownFileType = sourcecode.swift; path = ExerciseVideoViewController.swift; sourceTree = "<group>"; };
		7EE16E712A5CA0FA00A86BE4 /* LoadingView.swift */ = {isa = PBXFileReference; lastKnownFileType = sourcecode.swift; path = LoadingView.swift; sourceTree = "<group>"; };
		7EE16E732A5CA10300A86BE4 /* LoadingView.xib */ = {isa = PBXFileReference; lastKnownFileType = file.xib; path = LoadingView.xib; sourceTree = "<group>"; };
		7EE16E752A5CBB6600A86BE4 /* screenshot1.png */ = {isa = PBXFileReference; lastKnownFileType = image.png; path = screenshot1.png; sourceTree = "<group>"; };
		7EE16E762A5CBB6600A86BE4 /* screenshot2.png */ = {isa = PBXFileReference; lastKnownFileType = image.png; path = screenshot2.png; sourceTree = "<group>"; };
		7EE4E7492A37F16700B1AE5D /* UIViewControllerExtension.swift */ = {isa = PBXFileReference; lastKnownFileType = sourcecode.swift; path = UIViewControllerExtension.swift; sourceTree = "<group>"; };
		7EE4E74B2A37F19100B1AE5D /* UIViewExtension.swift */ = {isa = PBXFileReference; lastKnownFileType = sourcecode.swift; path = UIViewExtension.swift; sourceTree = "<group>"; };
		7EF4ADD62A3803B90039C326 /* HeaderView.swift */ = {isa = PBXFileReference; lastKnownFileType = sourcecode.swift; path = HeaderView.swift; sourceTree = "<group>"; };
		AA485673E05435F41535FD1C /* Pods-Go Get It.debug.xcconfig */ = {isa = PBXFileReference; includeInIndex = 1; lastKnownFileType = text.xcconfig; name = "Pods-Go Get It.debug.xcconfig"; path = "Target Support Files/Pods-Go Get It/Pods-Go Get It.debug.xcconfig"; sourceTree = "<group>"; };
/* End PBXFileReference section */

/* Begin PBXFrameworksBuildPhase section */
		7E86523F2A3424BE00E6CD03 /* Frameworks */ = {
			isa = PBXFrameworksBuildPhase;
			buildActionMask = 2147483647;
			files = (
				7EA8D07C2A38F1DD00C9C1B6 /* FirebaseAnalytics in Frameworks */,
				7EA8D0802A38F1DD00C9C1B6 /* FirebaseCrashlytics in Frameworks */,
				7EA8D0842A38F1DD00C9C1B6 /* FirebasePerformance in Frameworks */,
				7EA8D0862A38F1DD00C9C1B6 /* FirebaseRemoteConfig in Frameworks */,
				7EA8D07E2A38F1DD00C9C1B6 /* FirebaseAuth in Frameworks */,
				7EA8D0882A38F1DD00C9C1B6 /* FirebaseStorage in Frameworks */,
				7EA8D0822A38F1DD00C9C1B6 /* FirebaseFirestore in Frameworks */,
				010C894B1EB86C9ADBF947D5 /* Pods_Go_Get_It.framework in Frameworks */,
				7E95AD9B2A4108080044390F /* GoogleSignIn in Frameworks */,
			);
			runOnlyForDeploymentPostprocessing = 0;
		};
/* End PBXFrameworksBuildPhase section */

/* Begin PBXGroup section */
		4AC87C20480397B46BA2C072 /* Frameworks */ = {
			isa = PBXGroup;
			children = (
				1D5AA176D1624CD1D527ED66 /* Pods_Go_Get_It.framework */,
			);
			name = Frameworks;
			sourceTree = "<group>";
		};
		5667BCCCBC3FCE459742F1C3 /* Pods */ = {
			isa = PBXGroup;
			children = (
				7D78BB17F81E1BEDF2DF258A /* Pods-gogogetit.debug.xcconfig */,
				6D9BA0CE377553C431684E2C /* Pods-gogogetit.release.xcconfig */,
				AA485673E05435F41535FD1C /* Pods-Go Get It.debug.xcconfig */,
				10EB818B6CED708C54C8D45C /* Pods-Go Get It.release.xcconfig */,
			);
			path = Pods;
			sourceTree = "<group>";
		};
		7E15DE472A3D245A00CBA1B6 /* Create Reminder */ = {
			isa = PBXGroup;
			children = (
				7E15DE4A2A3D252900CBA1B6 /* CreateReminderViewController.swift */,
			);
			path = "Create Reminder";
			sourceTree = "<group>";
		};
		7E15DE492A3D24C900CBA1B6 /* Main Tab */ = {
			isa = PBXGroup;
			children = (
				7E98DD9E2A3AA0E90080E33A /* MainTabViewController.swift */,
			);
			path = "Main Tab";
			sourceTree = "<group>";
		};
		7E2063652A56CCC7007FBCB0 /* Activity Table View Cell */ = {
			isa = PBXGroup;
			children = (
				7E8F9C2C2A56148900077A80 /* ActivityTableViewCell.swift */,
				7E8F9C2D2A56148900077A80 /* ActivityTableViewCell.xib */,
			);
			path = "Activity Table View Cell";
			sourceTree = "<group>";
		};
		7E2063662A56CCD7007FBCB0 /* Views */ = {
			isa = PBXGroup;
			children = (
				7EE16E702A5CA09200A86BE4 /* Custom Loading Activity */,
				7E2063702A57A699007FBCB0 /* Custom Collection View Header */,
				7E2063652A56CCC7007FBCB0 /* Activity Table View Cell */,
				7E2063672A56CCFB007FBCB0 /* CustomTableViewHeaderFooter.swift */,
			);
			path = Views;
			sourceTree = "<group>";
		};
		7E2063692A572AD5007FBCB0 /* Views */ = {
			isa = PBXGroup;
			children = (
				7E20636E2A57A5B5007FBCB0 /* Custom Collection View Cell */,
				7E219EAC2A58E5D9008D2396 /* ExploreTableViewCell.swift */,
			);
			path = Views;
			sourceTree = "<group>";
		};
		7E20636E2A57A5B5007FBCB0 /* Custom Collection View Cell */ = {
			isa = PBXGroup;
			children = (
				7E20636A2A572B0A007FBCB0 /* CustomCollectionViewCell.swift */,
				7E20636B2A572B0A007FBCB0 /* CustomCollectionViewCell.xib */,
			);
			path = "Custom Collection View Cell";
			sourceTree = "<group>";
		};
		7E2063702A57A699007FBCB0 /* Custom Collection View Header */ = {
			isa = PBXGroup;
			children = (
				7E2063772A57AF5A007FBCB0 /* CustomHeaderCollectionReusableView.swift */,
				7E2063782A57AF5A007FBCB0 /* CustomHeaderCollectionReusableView.xib */,
			);
			path = "Custom Collection View Header";
			sourceTree = "<group>";
		};
		7E219EAE2A58EA7D008D2396 /* Explore */ = {
			isa = PBXGroup;
			children = (
				7E219EAF2A58EA9A008D2396 /* ExploreRepository.swift */,
				7E219EB12A58EAAE008D2396 /* ExploreRepositoryImpl.swift */,
			);
			path = Explore;
			sourceTree = "<group>";
		};
		7E219EB32A58EAC9008D2396 /* Explore */ = {
			isa = PBXGroup;
			children = (
				7E219EB42A58EAE0008D2396 /* ExploreListDataModel.swift */,
			);
			path = Explore;
			sourceTree = "<group>";
		};
		7E219EB82A59A0A8008D2396 /* Networking */ = {
			isa = PBXGroup;
			children = (
				7E219EC12A59AC75008D2396 /* APIClient */,
				7E219EC02A59ABEF008D2396 /* APIs */,
			);
			path = Networking;
			sourceTree = "<group>";
		};
		7E219EC02A59ABEF008D2396 /* APIs */ = {
			isa = PBXGroup;
			children = (
				7E219EC22A59AE53008D2396 /* ExploreAPI.swift */,
				7E219EDC2A5A450D008D2396 /* ActivityAPI.swift */,
				7E948B052A5B54A90042E46F /* AuthAPI.swift */,
				7E7E38D92A5C10C500274C19 /* RemindersAPI.swift */,
			);
			path = APIs;
			sourceTree = "<group>";
		};
		7E219EC12A59AC75008D2396 /* APIClient */ = {
			isa = PBXGroup;
			children = (
				7E219EB92A59A18D008D2396 /* APIConstants.swift */,
				7E219EBC2A59A2BA008D2396 /* APIClient.swift */,
				7E219EBE2A59A2CA008D2396 /* APIClientImpl.swift */,
			);
			path = APIClient;
			sourceTree = "<group>";
		};
		7E219EC42A59B5D5008D2396 /* Responses */ = {
			isa = PBXGroup;
			children = (
				7E219EC62A59B773008D2396 /* Exercises DB */,
			);
			path = Responses;
			sourceTree = "<group>";
		};
		7E219EC52A59B5DC008D2396 /* Data */ = {
			isa = PBXGroup;
			children = (
				7EE16E5E2A5C1E1800A86BE4 /* Auth */,
				7E219EB32A58EAC9008D2396 /* Explore */,
				7E567BF42A54AB4A00A67D8B /* Activity */,
				7E95AD9C2A410EF90044390F /* Onboarding Info */,
			);
			path = Data;
			sourceTree = "<group>";
		};
		7E219EC62A59B773008D2396 /* Exercises DB */ = {
			isa = PBXGroup;
			children = (
				7E219EC72A59B79B008D2396 /* ExercisesBodyPartListResponse.swift */,
				7E219EC92A59B96B008D2396 /* ExerciseForBodyPartResponse.swift */,
			);
			path = "Exercises DB";
			sourceTree = "<group>";
		};
		7E219ECD2A59F00D008D2396 /* Pages */ = {
			isa = PBXGroup;
			children = (
				7EE16E6E2A5C712300A86BE4 /* ExerciseVideoViewController.swift */,
				7E219EA92A58CADA008D2396 /* NutritionViewController.swift */,
				7E219EB62A59007E008D2396 /* ExercisesListViewController.swift */,
				7E219ECB2A59DE8F008D2396 /* ExercisesForBodyPartViewController.swift */,
			);
			path = Pages;
			sourceTree = "<group>";
		};
		7E219ECE2A59F040008D2396 /* Modals */ = {
			isa = PBXGroup;
			children = (
				7E5A69C92A3BFA7A00381A17 /* Create Activity */,
				7E15DE472A3D245A00CBA1B6 /* Create Reminder */,
			);
			path = Modals;
			sourceTree = "<group>";
		};
		7E219ECF2A59F060008D2396 /* Pages */ = {
			isa = PBXGroup;
			children = (
				7E5BB70D2A3E1B660038D787 /* Add Programs To Activity */,
			);
			path = Pages;
			sourceTree = "<group>";
		};
		7E219ED02A59F06E008D2396 /* Modals */ = {
			isa = PBXGroup;
			children = (
				7E5BB70E2A3E1BD90038D787 /* CreateProgramsViewController.swift */,
			);
			path = Modals;
			sourceTree = "<group>";
		};
		7E219ED32A5A343A008D2396 /* Managed Object Extensions */ = {
			isa = PBXGroup;
			children = (
				7E219ED62A5A4281008D2396 /* ActivityMO+Extensions.swift */,
				7E219ED82A5A4304008D2396 /* ProgramMO+Extensions.swift */,
				7E219EDA2A5A4329008D2396 /* ReminderMO+Extensions.swift */,
			);
			path = "Managed Object Extensions";
			sourceTree = "<group>";
		};
		7E219EDE2A5A52D6008D2396 /* Repository Provider */ = {
			isa = PBXGroup;
			children = (
				7E8F9C322A56238200077A80 /* RepositoryProvider.swift */,
			);
			path = "Repository Provider";
			sourceTree = "<group>";
		};
		7E567BF42A54AB4A00A67D8B /* Activity */ = {
			isa = PBXGroup;
			children = (
				7E567BFA2A54AD8D00A67D8B /* ActivityType.swift */,
				7E567BFC2A54ADA200A67D8B /* ActivityModel.swift */,
			);
			path = Activity;
			sourceTree = "<group>";
		};
		7E567C012A54B47500A67D8B /* Activity */ = {
			isa = PBXGroup;
			children = (
				7E567C022A54B4A400A67D8B /* ActivityRepository.swift */,
				7E567C042A54B97B00A67D8B /* ActivityRepositoryImpl.swift */,
			);
			path = Activity;
			sourceTree = "<group>";
		};
		7E567C062A54D73000A67D8B /* Local Storage */ = {
			isa = PBXGroup;
			children = (
				7E219ED32A5A343A008D2396 /* Managed Object Extensions */,
				7E567C072A54D75600A67D8B /* GoGetIt.xcdatamodeld */,
				7E219ED42A5A368F008D2396 /* DataController.swift */,
				7E948B032A5B535B0042E46F /* ListDataSource.swift */,
			);
			path = "Local Storage";
			sourceTree = "<group>";
		};
		7E5A69BC2A3AB73B00381A17 /* Views */ = {
			isa = PBXGroup;
			children = (
				7EF4ADD62A3803B90039C326 /* HeaderView.swift */,
				7E5A69C52A3B960000381A17 /* RemindersTableViewCell.swift */,
				7E5A69C12A3AB81E00381A17 /* CircleView.swift */,
				7E15DE4C2A3D259200CBA1B6 /* CustomSwitchView.swift */,
			);
			path = Views;
			sourceTree = "<group>";
		};
		7E5A69C92A3BFA7A00381A17 /* Create Activity */ = {
			isa = PBXGroup;
			children = (
				7E5A69CA2A3BFA9F00381A17 /* CreateActivityViewController.swift */,
			);
			path = "Create Activity";
			sourceTree = "<group>";
		};
		7E5A69CC2A3BFAC200381A17 /* Explore */ = {
			isa = PBXGroup;
			children = (
				7E219ECD2A59F00D008D2396 /* Pages */,
				7E2063692A572AD5007FBCB0 /* Views */,
				7E5A69CD2A3BFB3700381A17 /* ExploreViewController.swift */,
			);
			path = Explore;
			sourceTree = "<group>";
		};
		7E5A69CF2A3BFB6B00381A17 /* Workouts */ = {
			isa = PBXGroup;
			children = (
				7EE16E6D2A5C710400A86BE4 /* Pages */,
				7EBDD3072A4E371B006268AF /* Views */,
				7E5A69D02A3BFB7F00381A17 /* WorkoutsViewController.swift */,
			);
			path = Workouts;
			sourceTree = "<group>";
		};
		7E5BB70D2A3E1B660038D787 /* Add Programs To Activity */ = {
			isa = PBXGroup;
			children = (
				7E219ED02A59F06E008D2396 /* Modals */,
				7E15DE4E2A3D3FF700CBA1B6 /* AddProgramsToActivityViewController.swift */,
			);
			path = "Add Programs To Activity";
			sourceTree = "<group>";
		};
		7E7054302A38A0250074D13A /* Model */ = {
			isa = PBXGroup;
			children = (
				7E219EC52A59B5DC008D2396 /* Data */,
				7E219EC42A59B5D5008D2396 /* Responses */,
			);
			path = Model;
			sourceTree = "<group>";
		};
		7E7054312A38A0350074D13A /* View Controllers */ = {
			isa = PBXGroup;
			children = (
				7E2063662A56CCD7007FBCB0 /* Views */,
				7E70543E2A38D6850074D13A /* Extensions */,
				7E5A69CF2A3BFB6B00381A17 /* Workouts */,
				7E5A69CC2A3BFAC200381A17 /* Explore */,
				7EA8D0892A390AB200C9C1B6 /* Home */,
				7E15DE492A3D24C900CBA1B6 /* Main Tab */,
				7EA8D0752A38E93400C9C1B6 /* Login */,
				7E70543D2A38D6620074D13A /* Onboarding */,
			);
			path = "View Controllers";
			sourceTree = "<group>";
		};
		7E7054332A38A0720074D13A /* Assets */ = {
			isa = PBXGroup;
			children = (
				7E7054362A38B9FE0074D13A /* Resources */,
				7E86524E2A3424BF00E6CD03 /* Assets.xcassets */,
				7E70542A2A387E4B0074D13A /* Colors.xcassets */,
			);
			path = Assets;
			sourceTree = "<group>";
		};
		7E7054362A38B9FE0074D13A /* Resources */ = {
			isa = PBXGroup;
			children = (
				7E7054372A38BA320074D13A /* Colors.swift */,
				7E7054392A38BC080074D13A /* Images.swift */,
			);
			path = Resources;
			sourceTree = "<group>";
		};
		7E70543D2A38D6620074D13A /* Onboarding */ = {
			isa = PBXGroup;
			children = (
				7E8652492A3424BE00E6CD03 /* OnboardingViewController.swift */,
				7E70542E2A3899B60074D13A /* OnboardingPageViewController.swift */,
			);
			path = Onboarding;
			sourceTree = "<group>";
		};
		7E70543E2A38D6850074D13A /* Extensions */ = {
			isa = PBXGroup;
			children = (
				7E219ED12A59F77A008D2396 /* UIImage+Gif.swift */,
				7EE4E7492A37F16700B1AE5D /* UIViewControllerExtension.swift */,
				7EE4E74B2A37F19100B1AE5D /* UIViewExtension.swift */,
				7E2063632A56CC74007FBCB0 /* TableView+Extensions.swift */,
			);
			path = Extensions;
			sourceTree = "<group>";
		};
		7E8652392A3424BD00E6CD03 = {
			isa = PBXGroup;
			children = (
				7EE16E682A5C661500A86BE4 /* ReadMeAssets */,
				7E8652442A3424BE00E6CD03 /* Go Get It */,
				7E8652432A3424BE00E6CD03 /* Products */,
				5667BCCCBC3FCE459742F1C3 /* Pods */,
				4AC87C20480397B46BA2C072 /* Frameworks */,
			);
			sourceTree = "<group>";
		};
		7E8652432A3424BE00E6CD03 /* Products */ = {
			isa = PBXGroup;
			children = (
				7E8652422A3424BE00E6CD03 /* Go Get It.app */,
			);
			name = Products;
			sourceTree = "<group>";
		};
		7E8652442A3424BE00E6CD03 /* Go Get It */ = {
			isa = PBXGroup;
			children = (
				7E7054332A38A0720074D13A /* Assets */,
				7E95ADA52A41183F0044390F /* Application */,
				7E95AD9D2A4111090044390F /* Data */,
				7E7054312A38A0350074D13A /* View Controllers */,
				7E8652532A3424BF00E6CD03 /* Info.plist */,
				7EA8D0782A38EEFF00C9C1B6 /* GoogleService-Info.plist */,
				7EBEFEE02A5C070B00473ED2 /* Config.xcconfig */,
			);
			path = "Go Get It";
			sourceTree = "<group>";
		};
		7E8F9C272A55B2CB00077A80 /* Reminders */ = {
			isa = PBXGroup;
			children = (
				7E8F9C282A55B2E500077A80 /* RemindersRepository.swift */,
				7E8F9C2A2A55B2F400077A80 /* RemindersRepositoryImpl.swift */,
			);
			path = Reminders;
			sourceTree = "<group>";
		};
		7E95AD9C2A410EF90044390F /* Onboarding Info */ = {
			isa = PBXGroup;
			children = (
				7E7054342A38B8630074D13A /* OnboardingData.swift */,
				7E70543B2A38C16A0074D13A /* OnboardingInfoList.swift */,
			);
			path = "Onboarding Info";
			sourceTree = "<group>";
		};
		7E95AD9D2A4111090044390F /* Data */ = {
			isa = PBXGroup;
			children = (
				7EBEFEE12A5C09C300473ED2 /* Constants */,
				7E7054302A38A0250074D13A /* Model */,
				7E219EB82A59A0A8008D2396 /* Networking */,
				7E567C062A54D73000A67D8B /* Local Storage */,
				7E95AD9F2A41117B0044390F /* Repositories */,
			);
			path = Data;
			sourceTree = "<group>";
		};
		7E95AD9E2A4111100044390F /* Authentication */ = {
			isa = PBXGroup;
			children = (
				7E95ADA32A4112C50044390F /* AuthenticationRepository.swift */,
				7E95ADA02A41119A0044390F /* AuthenticationRepositoryImpl.swift */,
			);
			path = Authentication;
			sourceTree = "<group>";
		};
		7E95AD9F2A41117B0044390F /* Repositories */ = {
			isa = PBXGroup;
			children = (
				7E219EDE2A5A52D6008D2396 /* Repository Provider */,
				7EE16E632A5C21B300A86BE4 /* User */,
				7E219EAE2A58EA7D008D2396 /* Explore */,
				7E8F9C272A55B2CB00077A80 /* Reminders */,
				7E567C012A54B47500A67D8B /* Activity */,
				7E95AD9E2A4111100044390F /* Authentication */,
			);
			path = Repositories;
			sourceTree = "<group>";
		};
		7E95ADA52A41183F0044390F /* Application */ = {
			isa = PBXGroup;
			children = (
				7E86524B2A3424BE00E6CD03 /* Main.storyboard */,
				7E8652502A3424BF00E6CD03 /* LaunchScreen.storyboard */,
				7E8652452A3424BE00E6CD03 /* AppDelegate.swift */,
				7E8652472A3424BE00E6CD03 /* SceneDelegate.swift */,
			);
			path = Application;
			sourceTree = "<group>";
		};
		7EA8D0752A38E93400C9C1B6 /* Login */ = {
			isa = PBXGroup;
			children = (
				7EA8D0762A38E93E00C9C1B6 /* LoginViewController.swift */,
			);
			path = Login;
			sourceTree = "<group>";
		};
		7EA8D0892A390AB200C9C1B6 /* Home */ = {
			isa = PBXGroup;
			children = (
				7E219ECF2A59F060008D2396 /* Pages */,
				7E219ECE2A59F040008D2396 /* Modals */,
				7E5A69BC2A3AB73B00381A17 /* Views */,
				7EA8D08A2A390ABC00C9C1B6 /* HomeViewController.swift */,
			);
			path = Home;
			sourceTree = "<group>";
		};
		7EBDD3072A4E371B006268AF /* Views */ = {
			isa = PBXGroup;
			children = (
				7ED191BC2A524C0D0010B8B6 /* Circular Progress Bar */,
			);
			path = Views;
			sourceTree = "<group>";
		};
		7EBEFEE12A5C09C300473ED2 /* Constants */ = {
			isa = PBXGroup;
			children = (
				7EBEFEE22A5C09D500473ED2 /* Environment.swift */,
				7EE16E612A5C1FBC00A86BE4 /* LocalStorageKeys.swift */,
			);
			path = Constants;
			sourceTree = "<group>";
		};
		7ED191BC2A524C0D0010B8B6 /* Circular Progress Bar */ = {
			isa = PBXGroup;
			children = (
				7ED191BF2A524C3E0010B8B6 /* CircularProgressBar.swift */,
			);
			path = "Circular Progress Bar";
			sourceTree = "<group>";
		};
		7EE16E5E2A5C1E1800A86BE4 /* Auth */ = {
			isa = PBXGroup;
			children = (
				7EE16E5F2A5C1E2600A86BE4 /* AuthUserData.swift */,
			);
			path = Auth;
			sourceTree = "<group>";
		};
		7EE16E632A5C21B300A86BE4 /* User */ = {
			isa = PBXGroup;
			children = (
				7EE16E642A5C21C400A86BE4 /* UserRepository.swift */,
				7EE16E662A5C21D200A86BE4 /* UserRepositoryImpl.swift */,
			);
			path = User;
			sourceTree = "<group>";
		};
		7EE16E682A5C661500A86BE4 /* ReadMeAssets */ = {
			isa = PBXGroup;
			children = (
				7EE16E752A5CBB6600A86BE4 /* screenshot1.png */,
				7EE16E762A5CBB6600A86BE4 /* screenshot2.png */,
				7EE16E6B2A5C695F00A86BE4 /* swiftlogo.png */,
			);
			path = ReadMeAssets;
			sourceTree = "<group>";
		};
		7EE16E6D2A5C710400A86BE4 /* Pages */ = {
			isa = PBXGroup;
			children = (
				7EBDD30D2A4E429B006268AF /* WorkoutProgressViewController.swift */,
			);
			path = Pages;
			sourceTree = "<group>";
		};
		7EE16E702A5CA09200A86BE4 /* Custom Loading Activity */ = {
			isa = PBXGroup;
			children = (
				7EE16E712A5CA0FA00A86BE4 /* LoadingView.swift */,
				7EE16E732A5CA10300A86BE4 /* LoadingView.xib */,
			);
			path = "Custom Loading Activity";
			sourceTree = "<group>";
		};
/* End PBXGroup section */

/* Begin PBXNativeTarget section */
		7E8652412A3424BE00E6CD03 /* Go Get It */ = {
			isa = PBXNativeTarget;
			buildConfigurationList = 7E8652562A3424BF00E6CD03 /* Build configuration list for PBXNativeTarget "Go Get It" */;
			buildPhases = (
				C6BA5977E2EF86578654CA56 /* [CP] Check Pods Manifest.lock */,
				7E86523E2A3424BE00E6CD03 /* Sources */,
				7E86523F2A3424BE00E6CD03 /* Frameworks */,
				7E8652402A3424BE00E6CD03 /* Resources */,
				ECC790C34F55CC4B7DE81818 /* [CP] Embed Pods Frameworks */,
			);
			buildRules = (
			);
			dependencies = (
			);
			name = "Go Get It";
			packageProductDependencies = (
				7EA8D07B2A38F1DD00C9C1B6 /* FirebaseAnalytics */,
				7EA8D07D2A38F1DD00C9C1B6 /* FirebaseAuth */,
				7EA8D07F2A38F1DD00C9C1B6 /* FirebaseCrashlytics */,
				7EA8D0812A38F1DD00C9C1B6 /* FirebaseFirestore */,
				7EA8D0832A38F1DD00C9C1B6 /* FirebasePerformance */,
				7EA8D0852A38F1DD00C9C1B6 /* FirebaseRemoteConfig */,
				7EA8D0872A38F1DD00C9C1B6 /* FirebaseStorage */,
				7E95AD9A2A4108080044390F /* GoogleSignIn */,
			);
			productName = gogogetit;
			productReference = 7E8652422A3424BE00E6CD03 /* Go Get It.app */;
			productType = "com.apple.product-type.application";
		};
/* End PBXNativeTarget section */

/* Begin PBXProject section */
		7E86523A2A3424BE00E6CD03 /* Project object */ = {
			isa = PBXProject;
			attributes = {
				BuildIndependentTargetsInParallel = 1;
				LastSwiftUpdateCheck = 1430;
				LastUpgradeCheck = 1430;
				TargetAttributes = {
					7E8652412A3424BE00E6CD03 = {
						CreatedOnToolsVersion = 14.3.1;
					};
				};
			};
			buildConfigurationList = 7E86523D2A3424BE00E6CD03 /* Build configuration list for PBXProject "Go Get It" */;
			compatibilityVersion = "Xcode 14.0";
			developmentRegion = en;
			hasScannedForEncodings = 0;
			knownRegions = (
				en,
				Base,
			);
			mainGroup = 7E8652392A3424BD00E6CD03;
			packageReferences = (
				7EA8D07A2A38F1DD00C9C1B6 /* XCRemoteSwiftPackageReference "firebase-ios-sdk" */,
				7E95AD992A4108080044390F /* XCRemoteSwiftPackageReference "GoogleSignIn-iOS" */,
			);
			productRefGroup = 7E8652432A3424BE00E6CD03 /* Products */;
			projectDirPath = "";
			projectRoot = "";
			targets = (
				7E8652412A3424BE00E6CD03 /* Go Get It */,
			);
		};
/* End PBXProject section */

/* Begin PBXResourcesBuildPhase section */
		7E8652402A3424BE00E6CD03 /* Resources */ = {
			isa = PBXResourcesBuildPhase;
			buildActionMask = 2147483647;
			files = (
				7E8652522A3424BF00E6CD03 /* LaunchScreen.storyboard in Resources */,
				7EE16E782A5CBB6600A86BE4 /* screenshot2.png in Resources */,
				7E8F9C2F2A56148900077A80 /* ActivityTableViewCell.xib in Resources */,
				7EE16E6C2A5C696000A86BE4 /* swiftlogo.png in Resources */,
				7E20636D2A572B0A007FBCB0 /* CustomCollectionViewCell.xib in Resources */,
				7E70542B2A387E4B0074D13A /* Colors.xcassets in Resources */,
				7EA8D0792A38EEFF00C9C1B6 /* GoogleService-Info.plist in Resources */,
				7E20637A2A57AF5A007FBCB0 /* CustomHeaderCollectionReusableView.xib in Resources */,
				7E86524F2A3424BF00E6CD03 /* Assets.xcassets in Resources */,
				7E86524D2A3424BE00E6CD03 /* Main.storyboard in Resources */,
				7EE16E772A5CBB6600A86BE4 /* screenshot1.png in Resources */,
				7EE16E742A5CA10300A86BE4 /* LoadingView.xib in Resources */,
			);
			runOnlyForDeploymentPostprocessing = 0;
		};
/* End PBXResourcesBuildPhase section */

/* Begin PBXShellScriptBuildPhase section */
		C6BA5977E2EF86578654CA56 /* [CP] Check Pods Manifest.lock */ = {
			isa = PBXShellScriptBuildPhase;
			buildActionMask = 2147483647;
			files = (
			);
			inputFileListPaths = (
			);
			inputPaths = (
				"${PODS_PODFILE_DIR_PATH}/Podfile.lock",
				"${PODS_ROOT}/Manifest.lock",
			);
			name = "[CP] Check Pods Manifest.lock";
			outputFileListPaths = (
			);
			outputPaths = (
				"$(DERIVED_FILE_DIR)/Pods-Go Get It-checkManifestLockResult.txt",
			);
			runOnlyForDeploymentPostprocessing = 0;
			shellPath = /bin/sh;
			shellScript = "diff \"${PODS_PODFILE_DIR_PATH}/Podfile.lock\" \"${PODS_ROOT}/Manifest.lock\" > /dev/null\nif [ $? != 0 ] ; then\n    # print error to STDERR\n    echo \"error: The sandbox is not in sync with the Podfile.lock. Run 'pod install' or update your CocoaPods installation.\" >&2\n    exit 1\nfi\n# This output is used by Xcode 'outputs' to avoid re-running this script phase.\necho \"SUCCESS\" > \"${SCRIPT_OUTPUT_FILE_0}\"\n";
			showEnvVarsInLog = 0;
		};
		ECC790C34F55CC4B7DE81818 /* [CP] Embed Pods Frameworks */ = {
			isa = PBXShellScriptBuildPhase;
			buildActionMask = 2147483647;
			files = (
			);
			inputFileListPaths = (
				"${PODS_ROOT}/Target Support Files/Pods-Go Get It/Pods-Go Get It-frameworks-${CONFIGURATION}-input-files.xcfilelist",
			);
			name = "[CP] Embed Pods Frameworks";
			outputFileListPaths = (
				"${PODS_ROOT}/Target Support Files/Pods-Go Get It/Pods-Go Get It-frameworks-${CONFIGURATION}-output-files.xcfilelist",
			);
			runOnlyForDeploymentPostprocessing = 0;
			shellPath = /bin/sh;
			shellScript = "\"${PODS_ROOT}/Target Support Files/Pods-Go Get It/Pods-Go Get It-frameworks.sh\"\n";
			showEnvVarsInLog = 0;
		};
/* End PBXShellScriptBuildPhase section */

/* Begin PBXSourcesBuildPhase section */
		7E86523E2A3424BE00E6CD03 /* Sources */ = {
			isa = PBXSourcesBuildPhase;
			buildActionMask = 2147483647;
			files = (
				7E219ED22A59F77A008D2396 /* UIImage+Gif.swift in Sources */,
				7EE16E672A5C21D200A86BE4 /* UserRepositoryImpl.swift in Sources */,
				7E567C032A54B4A400A67D8B /* ActivityRepository.swift in Sources */,
				7E219EDB2A5A4329008D2396 /* ReminderMO+Extensions.swift in Sources */,
				7EA8D0772A38E93E00C9C1B6 /* LoginViewController.swift in Sources */,
				7E567C052A54B97B00A67D8B /* ActivityRepositoryImpl.swift in Sources */,
				7E20636C2A572B0A007FBCB0 /* CustomCollectionViewCell.swift in Sources */,
				7E15DE4F2A3D3FF700CBA1B6 /* AddProgramsToActivityViewController.swift in Sources */,
				7ED191C02A524C3E0010B8B6 /* CircularProgressBar.swift in Sources */,
				7E8F9C292A55B2E500077A80 /* RemindersRepository.swift in Sources */,
				7EE4E74C2A37F19100B1AE5D /* UIViewExtension.swift in Sources */,
				7E7054382A38BA320074D13A /* Colors.swift in Sources */,
				7EF4ADD72A3803B90039C326 /* HeaderView.swift in Sources */,
				7EE4E74A2A37F16700B1AE5D /* UIViewControllerExtension.swift in Sources */,
				7E948B042A5B535B0042E46F /* ListDataSource.swift in Sources */,
				7E219EAA2A58CADA008D2396 /* NutritionViewController.swift in Sources */,
				7EE16E6F2A5C712300A86BE4 /* ExerciseVideoViewController.swift in Sources */,
				7E219ED52A5A368F008D2396 /* DataController.swift in Sources */,
				7E98DD9F2A3AA0E90080E33A /* MainTabViewController.swift in Sources */,
				7E5A69CB2A3BFA9F00381A17 /* CreateActivityViewController.swift in Sources */,
				7E2063642A56CC74007FBCB0 /* TableView+Extensions.swift in Sources */,
				7E8F9C2E2A56148900077A80 /* ActivityTableViewCell.swift in Sources */,
				7E948B062A5B54A90042E46F /* AuthAPI.swift in Sources */,
				7E86524A2A3424BE00E6CD03 /* OnboardingViewController.swift in Sources */,
				7E8F9C332A56238200077A80 /* RepositoryProvider.swift in Sources */,
				7EE16E622A5C1FBC00A86BE4 /* LocalStorageKeys.swift in Sources */,
				7E567BFD2A54ADA200A67D8B /* ActivityModel.swift in Sources */,
				7EE16E602A5C1E2600A86BE4 /* AuthUserData.swift in Sources */,
				7E219ECA2A59B96B008D2396 /* ExerciseForBodyPartResponse.swift in Sources */,
				7E15DE4B2A3D252900CBA1B6 /* CreateReminderViewController.swift in Sources */,
				7E219EAD2A58E5D9008D2396 /* ExploreTableViewCell.swift in Sources */,
				7E5A69C22A3AB81E00381A17 /* CircleView.swift in Sources */,
				7E7054352A38B8630074D13A /* OnboardingData.swift in Sources */,
				7E219EB72A59007E008D2396 /* ExercisesListViewController.swift in Sources */,
				7E5A69D12A3BFB7F00381A17 /* WorkoutsViewController.swift in Sources */,
				7E219EBF2A59A2CA008D2396 /* APIClientImpl.swift in Sources */,
				7E15DE4D2A3D259200CBA1B6 /* CustomSwitchView.swift in Sources */,
				7EBEFEE32A5C09D500473ED2 /* Environment.swift in Sources */,
				7E567BFB2A54AD8D00A67D8B /* ActivityType.swift in Sources */,
				7E8652462A3424BE00E6CD03 /* AppDelegate.swift in Sources */,
				7E70543A2A38BC080074D13A /* Images.swift in Sources */,
				7E70542F2A3899B60074D13A /* OnboardingPageViewController.swift in Sources */,
				7E219ECC2A59DE8F008D2396 /* ExercisesForBodyPartViewController.swift in Sources */,
				7E219ED92A5A4304008D2396 /* ProgramMO+Extensions.swift in Sources */,
				7E5A69CE2A3BFB3700381A17 /* ExploreViewController.swift in Sources */,
				7E567C092A54D75600A67D8B /* GoGetIt.xcdatamodeld in Sources */,
				7EE16E652A5C21C400A86BE4 /* UserRepository.swift in Sources */,
				7E8652482A3424BE00E6CD03 /* SceneDelegate.swift in Sources */,
				7E219EDD2A5A450D008D2396 /* ActivityAPI.swift in Sources */,
				7E95ADA12A41119A0044390F /* AuthenticationRepositoryImpl.swift in Sources */,
				7E8F9C2B2A55B2F400077A80 /* RemindersRepositoryImpl.swift in Sources */,
				7E219EC32A59AE53008D2396 /* ExploreAPI.swift in Sources */,
				7E219EBA2A59A18D008D2396 /* APIConstants.swift in Sources */,
				7E2063792A57AF5A007FBCB0 /* CustomHeaderCollectionReusableView.swift in Sources */,
				7EBDD30E2A4E429B006268AF /* WorkoutProgressViewController.swift in Sources */,
				7E5A69C62A3B960000381A17 /* RemindersTableViewCell.swift in Sources */,
				7EA8D08B2A390ABC00C9C1B6 /* HomeViewController.swift in Sources */,
				7E95ADA42A4112C50044390F /* AuthenticationRepository.swift in Sources */,
				7E219EB02A58EA9A008D2396 /* ExploreRepository.swift in Sources */,
				7E219EBD2A59A2BA008D2396 /* APIClient.swift in Sources */,
				7E219ED72A5A4281008D2396 /* ActivityMO+Extensions.swift in Sources */,
				7E219EC82A59B79B008D2396 /* ExercisesBodyPartListResponse.swift in Sources */,
				7E2063682A56CCFB007FBCB0 /* CustomTableViewHeaderFooter.swift in Sources */,
				7E7E38DA2A5C10C500274C19 /* RemindersAPI.swift in Sources */,
				7E219EB52A58EAE0008D2396 /* ExploreListDataModel.swift in Sources */,
				7E70543C2A38C16A0074D13A /* OnboardingInfoList.swift in Sources */,
				7E5BB70F2A3E1BD90038D787 /* CreateProgramsViewController.swift in Sources */,
				7E219EB22A58EAAE008D2396 /* ExploreRepositoryImpl.swift in Sources */,
				7EE16E722A5CA0FA00A86BE4 /* LoadingView.swift in Sources */,
			);
			runOnlyForDeploymentPostprocessing = 0;
		};
/* End PBXSourcesBuildPhase section */

/* Begin PBXVariantGroup section */
		7E86524B2A3424BE00E6CD03 /* Main.storyboard */ = {
			isa = PBXVariantGroup;
			children = (
				7E86524C2A3424BE00E6CD03 /* Base */,
			);
			name = Main.storyboard;
			sourceTree = "<group>";
		};
		7E8652502A3424BF00E6CD03 /* LaunchScreen.storyboard */ = {
			isa = PBXVariantGroup;
			children = (
				7E8652512A3424BF00E6CD03 /* Base */,
			);
			name = LaunchScreen.storyboard;
			sourceTree = "<group>";
		};
/* End PBXVariantGroup section */

/* Begin XCBuildConfiguration section */
		7E8652542A3424BF00E6CD03 /* Debug */ = {
			isa = XCBuildConfiguration;
			baseConfigurationReference = 7EBEFEE02A5C070B00473ED2 /* Config.xcconfig */;
			buildSettings = {
				ALWAYS_SEARCH_USER_PATHS = NO;
				CLANG_ANALYZER_NONNULL = YES;
				CLANG_ANALYZER_NUMBER_OBJECT_CONVERSION = YES_AGGRESSIVE;
				CLANG_CXX_LANGUAGE_STANDARD = "gnu++20";
				CLANG_ENABLE_MODULES = YES;
				CLANG_ENABLE_OBJC_ARC = YES;
				CLANG_ENABLE_OBJC_WEAK = YES;
				CLANG_WARN_BLOCK_CAPTURE_AUTORELEASING = YES;
				CLANG_WARN_BOOL_CONVERSION = YES;
				CLANG_WARN_COMMA = YES;
				CLANG_WARN_CONSTANT_CONVERSION = YES;
				CLANG_WARN_DEPRECATED_OBJC_IMPLEMENTATIONS = YES;
				CLANG_WARN_DIRECT_OBJC_ISA_USAGE = YES_ERROR;
				CLANG_WARN_DOCUMENTATION_COMMENTS = YES;
				CLANG_WARN_EMPTY_BODY = YES;
				CLANG_WARN_ENUM_CONVERSION = YES;
				CLANG_WARN_INFINITE_RECURSION = YES;
				CLANG_WARN_INT_CONVERSION = YES;
				CLANG_WARN_NON_LITERAL_NULL_CONVERSION = YES;
				CLANG_WARN_OBJC_IMPLICIT_RETAIN_SELF = YES;
				CLANG_WARN_OBJC_LITERAL_CONVERSION = YES;
				CLANG_WARN_OBJC_ROOT_CLASS = YES_ERROR;
				CLANG_WARN_QUOTED_INCLUDE_IN_FRAMEWORK_HEADER = YES;
				CLANG_WARN_RANGE_LOOP_ANALYSIS = YES;
				CLANG_WARN_STRICT_PROTOTYPES = YES;
				CLANG_WARN_SUSPICIOUS_MOVE = YES;
				CLANG_WARN_UNGUARDED_AVAILABILITY = YES_AGGRESSIVE;
				CLANG_WARN_UNREACHABLE_CODE = YES;
				CLANG_WARN__DUPLICATE_METHOD_MATCH = YES;
				COPY_PHASE_STRIP = NO;
				DEBUG_INFORMATION_FORMAT = dwarf;
				ENABLE_STRICT_OBJC_MSGSEND = YES;
				ENABLE_TESTABILITY = YES;
				GCC_C_LANGUAGE_STANDARD = gnu11;
				GCC_DYNAMIC_NO_PIC = NO;
				GCC_NO_COMMON_BLOCKS = YES;
				GCC_OPTIMIZATION_LEVEL = 0;
				GCC_PREPROCESSOR_DEFINITIONS = (
					"DEBUG=1",
					"$(inherited)",
				);
				GCC_WARN_64_TO_32_BIT_CONVERSION = YES;
				GCC_WARN_ABOUT_RETURN_TYPE = YES_ERROR;
				GCC_WARN_UNDECLARED_SELECTOR = YES;
				GCC_WARN_UNINITIALIZED_AUTOS = YES_AGGRESSIVE;
				GCC_WARN_UNUSED_FUNCTION = YES;
				GCC_WARN_UNUSED_VARIABLE = YES;
				IPHONEOS_DEPLOYMENT_TARGET = 16.4;
				MTL_ENABLE_DEBUG_INFO = INCLUDE_SOURCE;
				MTL_FAST_MATH = YES;
				ONLY_ACTIVE_ARCH = YES;
				SDKROOT = iphoneos;
				SWIFT_ACTIVE_COMPILATION_CONDITIONS = DEBUG;
				SWIFT_OPTIMIZATION_LEVEL = "-Onone";
			};
			name = Debug;
		};
		7E8652552A3424BF00E6CD03 /* Release */ = {
			isa = XCBuildConfiguration;
			baseConfigurationReference = 7EBEFEE02A5C070B00473ED2 /* Config.xcconfig */;
			buildSettings = {
				ALWAYS_SEARCH_USER_PATHS = NO;
				CLANG_ANALYZER_NONNULL = YES;
				CLANG_ANALYZER_NUMBER_OBJECT_CONVERSION = YES_AGGRESSIVE;
				CLANG_CXX_LANGUAGE_STANDARD = "gnu++20";
				CLANG_ENABLE_MODULES = YES;
				CLANG_ENABLE_OBJC_ARC = YES;
				CLANG_ENABLE_OBJC_WEAK = YES;
				CLANG_WARN_BLOCK_CAPTURE_AUTORELEASING = YES;
				CLANG_WARN_BOOL_CONVERSION = YES;
				CLANG_WARN_COMMA = YES;
				CLANG_WARN_CONSTANT_CONVERSION = YES;
				CLANG_WARN_DEPRECATED_OBJC_IMPLEMENTATIONS = YES;
				CLANG_WARN_DIRECT_OBJC_ISA_USAGE = YES_ERROR;
				CLANG_WARN_DOCUMENTATION_COMMENTS = YES;
				CLANG_WARN_EMPTY_BODY = YES;
				CLANG_WARN_ENUM_CONVERSION = YES;
				CLANG_WARN_INFINITE_RECURSION = YES;
				CLANG_WARN_INT_CONVERSION = YES;
				CLANG_WARN_NON_LITERAL_NULL_CONVERSION = YES;
				CLANG_WARN_OBJC_IMPLICIT_RETAIN_SELF = YES;
				CLANG_WARN_OBJC_LITERAL_CONVERSION = YES;
				CLANG_WARN_OBJC_ROOT_CLASS = YES_ERROR;
				CLANG_WARN_QUOTED_INCLUDE_IN_FRAMEWORK_HEADER = YES;
				CLANG_WARN_RANGE_LOOP_ANALYSIS = YES;
				CLANG_WARN_STRICT_PROTOTYPES = YES;
				CLANG_WARN_SUSPICIOUS_MOVE = YES;
				CLANG_WARN_UNGUARDED_AVAILABILITY = YES_AGGRESSIVE;
				CLANG_WARN_UNREACHABLE_CODE = YES;
				CLANG_WARN__DUPLICATE_METHOD_MATCH = YES;
				COPY_PHASE_STRIP = NO;
				DEBUG_INFORMATION_FORMAT = "dwarf-with-dsym";
				ENABLE_NS_ASSERTIONS = NO;
				ENABLE_STRICT_OBJC_MSGSEND = YES;
				GCC_C_LANGUAGE_STANDARD = gnu11;
				GCC_NO_COMMON_BLOCKS = YES;
				GCC_WARN_64_TO_32_BIT_CONVERSION = YES;
				GCC_WARN_ABOUT_RETURN_TYPE = YES_ERROR;
				GCC_WARN_UNDECLARED_SELECTOR = YES;
				GCC_WARN_UNINITIALIZED_AUTOS = YES_AGGRESSIVE;
				GCC_WARN_UNUSED_FUNCTION = YES;
				GCC_WARN_UNUSED_VARIABLE = YES;
				IPHONEOS_DEPLOYMENT_TARGET = 16.4;
				MTL_ENABLE_DEBUG_INFO = NO;
				MTL_FAST_MATH = YES;
				SDKROOT = iphoneos;
				SWIFT_COMPILATION_MODE = wholemodule;
				SWIFT_OPTIMIZATION_LEVEL = "-O";
				VALIDATE_PRODUCT = YES;
			};
			name = Release;
		};
		7E8652572A3424BF00E6CD03 /* Debug */ = {
			isa = XCBuildConfiguration;
			baseConfigurationReference = AA485673E05435F41535FD1C /* Pods-Go Get It.debug.xcconfig */;
			buildSettings = {
				ASSETCATALOG_COMPILER_APPICON_NAME = AppIcon;
				ASSETCATALOG_COMPILER_GLOBAL_ACCENT_COLOR_NAME = AccentColor;
				CODE_SIGN_STYLE = Automatic;
				CURRENT_PROJECT_VERSION = 1;
				DEVELOPMENT_TEAM = 3G33A99C47;
				GENERATE_INFOPLIST_FILE = YES;
				INFOPLIST_FILE = "Go Get It/Info.plist";
				INFOPLIST_KEY_UIApplicationSupportsIndirectInputEvents = YES;
				INFOPLIST_KEY_UILaunchStoryboardName = LaunchScreen;
				INFOPLIST_KEY_UIMainStoryboardFile = Main;
				INFOPLIST_KEY_UISupportedInterfaceOrientations = UIInterfaceOrientationPortrait;
				INFOPLIST_KEY_UIUserInterfaceStyle = Light;
				LD_RUNPATH_SEARCH_PATHS = (
					"$(inherited)",
					"@executable_path/Frameworks",
				);
				MARKETING_VERSION = 1.0;
				PRODUCT_BUNDLE_IDENTIFIER = com.aob.gogetit;
				PRODUCT_NAME = "$(TARGET_NAME)";
				SWIFT_EMIT_LOC_STRINGS = YES;
				SWIFT_VERSION = 5.0;
				TARGETED_DEVICE_FAMILY = "1,2";
			};
			name = Debug;
		};
		7E8652582A3424BF00E6CD03 /* Release */ = {
			isa = XCBuildConfiguration;
			baseConfigurationReference = 10EB818B6CED708C54C8D45C /* Pods-Go Get It.release.xcconfig */;
			buildSettings = {
				ASSETCATALOG_COMPILER_APPICON_NAME = AppIcon;
				ASSETCATALOG_COMPILER_GLOBAL_ACCENT_COLOR_NAME = AccentColor;
				CODE_SIGN_STYLE = Automatic;
				CURRENT_PROJECT_VERSION = 1;
				DEVELOPMENT_TEAM = 3G33A99C47;
				GENERATE_INFOPLIST_FILE = YES;
				INFOPLIST_FILE = "Go Get It/Info.plist";
				INFOPLIST_KEY_UIApplicationSupportsIndirectInputEvents = YES;
				INFOPLIST_KEY_UILaunchStoryboardName = LaunchScreen;
				INFOPLIST_KEY_UIMainStoryboardFile = Main;
				INFOPLIST_KEY_UISupportedInterfaceOrientations = UIInterfaceOrientationPortrait;
				INFOPLIST_KEY_UIUserInterfaceStyle = Light;
				LD_RUNPATH_SEARCH_PATHS = (
					"$(inherited)",
					"@executable_path/Frameworks",
				);
				MARKETING_VERSION = 1.0;
				PRODUCT_BUNDLE_IDENTIFIER = com.aob.gogetit;
				PRODUCT_NAME = "$(TARGET_NAME)";
				SWIFT_EMIT_LOC_STRINGS = YES;
				SWIFT_VERSION = 5.0;
				TARGETED_DEVICE_FAMILY = "1,2";
			};
			name = Release;
		};
/* End XCBuildConfiguration section */

/* Begin XCConfigurationList section */
		7E86523D2A3424BE00E6CD03 /* Build configuration list for PBXProject "Go Get It" */ = {
			isa = XCConfigurationList;
			buildConfigurations = (
				7E8652542A3424BF00E6CD03 /* Debug */,
				7E8652552A3424BF00E6CD03 /* Release */,
			);
			defaultConfigurationIsVisible = 0;
			defaultConfigurationName = Release;
		};
		7E8652562A3424BF00E6CD03 /* Build configuration list for PBXNativeTarget "Go Get It" */ = {
			isa = XCConfigurationList;
			buildConfigurations = (
				7E8652572A3424BF00E6CD03 /* Debug */,
				7E8652582A3424BF00E6CD03 /* Release */,
			);
			defaultConfigurationIsVisible = 0;
			defaultConfigurationName = Release;
		};
/* End XCConfigurationList section */

/* Begin XCRemoteSwiftPackageReference section */
		7E95AD992A4108080044390F /* XCRemoteSwiftPackageReference "GoogleSignIn-iOS" */ = {
			isa = XCRemoteSwiftPackageReference;
			repositoryURL = "https://github.com/google/GoogleSignIn-iOS";
			requirement = {
				kind = upToNextMajorVersion;
				minimumVersion = 7.0.0;
			};
		};
		7EA8D07A2A38F1DD00C9C1B6 /* XCRemoteSwiftPackageReference "firebase-ios-sdk" */ = {
			isa = XCRemoteSwiftPackageReference;
			repositoryURL = "https://github.com/firebase/firebase-ios-sdk";
			requirement = {
				kind = upToNextMajorVersion;
				minimumVersion = 10.0.0;
			};
		};
/* End XCRemoteSwiftPackageReference section */

/* Begin XCSwiftPackageProductDependency section */
		7E95AD9A2A4108080044390F /* GoogleSignIn */ = {
			isa = XCSwiftPackageProductDependency;
			package = 7E95AD992A4108080044390F /* XCRemoteSwiftPackageReference "GoogleSignIn-iOS" */;
			productName = GoogleSignIn;
		};
		7EA8D07B2A38F1DD00C9C1B6 /* FirebaseAnalytics */ = {
			isa = XCSwiftPackageProductDependency;
			package = 7EA8D07A2A38F1DD00C9C1B6 /* XCRemoteSwiftPackageReference "firebase-ios-sdk" */;
			productName = FirebaseAnalytics;
		};
		7EA8D07D2A38F1DD00C9C1B6 /* FirebaseAuth */ = {
			isa = XCSwiftPackageProductDependency;
			package = 7EA8D07A2A38F1DD00C9C1B6 /* XCRemoteSwiftPackageReference "firebase-ios-sdk" */;
			productName = FirebaseAuth;
		};
		7EA8D07F2A38F1DD00C9C1B6 /* FirebaseCrashlytics */ = {
			isa = XCSwiftPackageProductDependency;
			package = 7EA8D07A2A38F1DD00C9C1B6 /* XCRemoteSwiftPackageReference "firebase-ios-sdk" */;
			productName = FirebaseCrashlytics;
		};
		7EA8D0812A38F1DD00C9C1B6 /* FirebaseFirestore */ = {
			isa = XCSwiftPackageProductDependency;
			package = 7EA8D07A2A38F1DD00C9C1B6 /* XCRemoteSwiftPackageReference "firebase-ios-sdk" */;
			productName = FirebaseFirestore;
		};
		7EA8D0832A38F1DD00C9C1B6 /* FirebasePerformance */ = {
			isa = XCSwiftPackageProductDependency;
			package = 7EA8D07A2A38F1DD00C9C1B6 /* XCRemoteSwiftPackageReference "firebase-ios-sdk" */;
			productName = FirebasePerformance;
		};
		7EA8D0852A38F1DD00C9C1B6 /* FirebaseRemoteConfig */ = {
			isa = XCSwiftPackageProductDependency;
			package = 7EA8D07A2A38F1DD00C9C1B6 /* XCRemoteSwiftPackageReference "firebase-ios-sdk" */;
			productName = FirebaseRemoteConfig;
		};
		7EA8D0872A38F1DD00C9C1B6 /* FirebaseStorage */ = {
			isa = XCSwiftPackageProductDependency;
			package = 7EA8D07A2A38F1DD00C9C1B6 /* XCRemoteSwiftPackageReference "firebase-ios-sdk" */;
			productName = FirebaseStorage;
		};
/* End XCSwiftPackageProductDependency section */

/* Begin XCVersionGroup section */
		7E567C072A54D75600A67D8B /* GoGetIt.xcdatamodeld */ = {
			isa = XCVersionGroup;
			children = (
				7E567C082A54D75600A67D8B /* GoGetIt.xcdatamodel */,
			);
			currentVersion = 7E567C082A54D75600A67D8B /* GoGetIt.xcdatamodel */;
			path = GoGetIt.xcdatamodeld;
			sourceTree = "<group>";
			versionGroupType = wrapper.xcdatamodel;
		};
/* End XCVersionGroup section */
	};
	rootObject = 7E86523A2A3424BE00E6CD03 /* Project object */;
}
